{
  "name": "test01",
  "version": "1.0.0",
  "lockfileVersion": 1,
  "requires": true,
  "dependencies": {
    "@dcloudio/uni-ui": {
      "version": "1.2.1",
      "resolved": "https://registry.npmjs.org/@dcloudio/uni-ui/-/uni-ui-1.2.1.tgz",
      "integrity": "sha512-ZrCCqdp7OyDKummKI317BgkQs+3zOiHhUHQJuhU0CP4HCAcicz8gj7ExqpB2TEFNngd0CGFgXebpZiel3kKjWg=="
    },
    "area-data-vue": {
      "version": "1.0.9",
      "resolved": "https://registry.npmjs.org/area-data-vue/-/area-data-vue-1.0.9.tgz",
      "integrity": "sha512-UinRaWG4JF9KPo+LhpnRKOnUwUVxlX0Y+fRxuMG5jiK8GV/tdfCMARb1RE4uqeS/njKhzUUtES/Gjy5EliB57A=="
    },
    "area-linkage-vue": {
      "version": "5.1.2",
      "resolved": "https://registry.npmjs.org/area-linkage-vue/-/area-linkage-vue-5.1.2.tgz",
      "integrity": "sha512-R/jmYlw0IOyPW4WihDSfjdhZMLOT5qC4hT2CSIZbT59hKm0T9uWocsoDOZL/sdr5nkrS7ix1/9y2iztq/v6zvg==",
      "requires": {
        "lodash.find": "4.6.0"
      }
    },
    "lodash.find": {
      "version": "4.6.0",
      "resolved": "https://registry.npmjs.org/lodash.find/-/lodash.find-4.6.0.tgz",
      "integrity": "sha1-ywcE1Hq3F4n/oN6Ll92Sb7iLE7E="
    }
  }
}
